<?xml version="1.0" encoding="utf-8"?>
<Project ToolsVersion="4.0" xmlns="http://schemas.microsoft.com/developer/msbuild/2003">
  <ItemGroup>
    <ClCompile Include="Source_014.cpp" />
  </ItemGroup>
  <ItemGroup>
    <None Include="frag.glsl">
      <Filter>Shaders</Filter>
    </None>
    <None Include="vert.glsl">
      <Filter>Shaders</Filter>
    </None>
  </ItemGroup>
  <ItemGroup>
    <Filter Include="Shaders">
      <UniqueIdentifier>{5c733e3f-0412-4151-97c1-36dfd6f3b542}</UniqueIdentifier>
    </Filter>
  </ItemGroup>
</Project>