
Microsoft Visual Studio Solution File, Format Version 12.00
# Visual Studio 2012
Project("{8BC9CEB8-8B4A-11D0-8D11-00A0C91BC942}") = "TestCase-001", "TestCase-001\TestCase-001.vcxproj", "{A7E334F1-3EA3-4EC0-ABC5-3F9981D22483}"
EndProject
Project("{8BC9CEB8-8B4A-11D0-8D11-00A0C91BC942}") = "TestCase-002", "TestCase-002\TestCase-002.vcxproj", "{1F234025-9247-4D86-B87A-78E0B9234F2E}"
EndProject
Project("{8BC9CEB8-8B4A-11D0-8D11-00A0C91BC942}") = "TestCase-003", "TestCase-003\TestCase-003.vcxproj", "{AC75A38D-9657-4CCE-99BB-BBF061A0119D}"
EndProject
Project("{8BC9CEB8-8B4A-11D0-8D11-00A0C91BC942}") = "TestCase-006", "TestCase-006\TestCase-006.vcxproj", "{811E3734-BE67-4C91-B87B-3463A937BB25}"
EndProject
Project("{8BC9CEB8-8B4A-11D0-8D11-00A0C91BC942}") = "TestCase-007", "TestCase-007\TestCase-007.vcxproj", "{B9295B53-8ADD-4399-B536-D29D4F71E849}"
EndProject
Project("{8BC9CEB8-8B4A-11D0-8D11-00A0C91BC942}") = "TestCase-004", "TestCase-004\TestCase-004.vcxproj", "{530FC08B-023E-4F19-AAF5-82442FAE465F}"
EndProject
Project("{8BC9CEB8-8B4A-11D0-8D11-00A0C91BC942}") = "TestCase-005", "TestCase-005\TestCase-005.vcxproj", "{E0F5B595-91D2-40B1-94A9-B015296FBD1D}"
EndProject
Project("{8BC9CEB8-8B4A-11D0-8D11-00A0C91BC942}") = "TestCase-008", "TestCase-008\TestCase-008.vcxproj", "{87C96886-30A6-4A51-A9E3-71500790A134}"
EndProject
Project("{8BC9CEB8-8B4A-11D0-8D11-00A0C91BC942}") = "TestCase-009", "TestCase-009\TestCase-009.vcxproj", "{1A9930D8-3D7E-4C12-82E4-AD052805A9C2}"
EndProject
Project("{8BC9CEB8-8B4A-11D0-8D11-00A0C91BC942}") = "TestCase-012", "TestCase-012\TestCase-012.vcxproj", "{91B395EE-C99E-4E3F-8D56-A9D6E74F49C1}"
EndProject
Project("{8BC9CEB8-8B4A-11D0-8D11-00A0C91BC942}") = "TestCase-010", "TestCase-010\TestCase-010.vcxproj", "{0494F884-AE72-4517-8D40-FDF9FCC912BD}"
EndProject
Project("{8BC9CEB8-8B4A-11D0-8D11-00A0C91BC942}") = "TestCase-013", "TestCase-013\TestCase-013.vcxproj", "{4B1E2FF6-9974-422F-86D1-89AAED6D5E2F}"
EndProject
Project("{8BC9CEB8-8B4A-11D0-8D11-00A0C91BC942}") = "TestCase-011", "TestCase-011\TestCase-011.vcxproj", "{23443FF0-B25A-4305-853E-453A18E9F9F7}"
EndProject
Project("{8BC9CEB8-8B4A-11D0-8D11-00A0C91BC942}") = "TestCase-016", "TestCase-016\TestCase-016.vcxproj", "{51C3E487-9883-422D-9567-93A61EA03812}"
EndProject
Project("{8BC9CEB8-8B4A-11D0-8D11-00A0C91BC942}") = "TestCase-014", "TestCase-014\TestCase-014.vcxproj", "{30387FAF-0304-4B17-B7C6-BDF77A8D7D9C}"
EndProject
Project("{8BC9CEB8-8B4A-11D0-8D11-00A0C91BC942}") = "TestCase-015", "TestCase-015\TestCase-015.vcxproj", "{677926C5-ED94-45A3-82DB-7AA508AE69D1}"
EndProject
Project("{8BC9CEB8-8B4A-11D0-8D11-00A0C91BC942}") = "TestCase-017", "TestCase-017\TestCase-017.vcxproj", "{7A250C35-7F85-41E8-BD8C-E42A1B37306A}"
EndProject
Project("{8BC9CEB8-8B4A-11D0-8D11-00A0C91BC942}") = "TestCase-018", "TestCase-018\TestCase-018.vcxproj", "{EAC884B7-405D-4E38-BDDF-5591C8E29EE6}"
EndProject
Project("{8BC9CEB8-8B4A-11D0-8D11-00A0C91BC942}") = "TestCase-019", "TestCase-019\TestCase-019.vcxproj", "{D21BBBC6-5BA9-4F23-8E31-755BA3A89ABE}"
EndProject
Project("{8BC9CEB8-8B4A-11D0-8D11-00A0C91BC942}") = "TestCase-020", "TestCase-020\TestCase-020.vcxproj", "{B6059269-59CC-4705-9766-D0DB903E2E05}"
EndProject
Project("{8BC9CEB8-8B4A-11D0-8D11-00A0C91BC942}") = "TestCase-021", "TestCase-021\TestCase-021.vcxproj", "{3F087DDB-89A5-4F9C-8DBB-C0D2F010A325}"
EndProject
Project("{8BC9CEB8-8B4A-11D0-8D11-00A0C91BC942}") = "TestCase-022", "TestCase-022\TestCase-022.vcxproj", "{A3C75351-73D7-467A-AD1F-0CC7ACE8E39E}"
EndProject
Global
	GlobalSection(SolutionConfigurationPlatforms) = preSolution
		Debug|Win32 = Debug|Win32
		Release|Win32 = Release|Win32
	EndGlobalSection
	GlobalSection(ProjectConfigurationPlatforms) = postSolution
		{A7E334F1-3EA3-4EC0-ABC5-3F9981D22483}.Debug|Win32.ActiveCfg = Debug|Win32
		{A7E334F1-3EA3-4EC0-ABC5-3F9981D22483}.Debug|Win32.Build.0 = Debug|Win32
		{A7E334F1-3EA3-4EC0-ABC5-3F9981D22483}.Release|Win32.ActiveCfg = Release|Win32
		{A7E334F1-3EA3-4EC0-ABC5-3F9981D22483}.Release|Win32.Build.0 = Release|Win32
		{1F234025-9247-4D86-B87A-78E0B9234F2E}.Debug|Win32.ActiveCfg = Debug|Win32
		{1F234025-9247-4D86-B87A-78E0B9234F2E}.Debug|Win32.Build.0 = Debug|Win32
		{1F234025-9247-4D86-B87A-78E0B9234F2E}.Release|Win32.ActiveCfg = Release|Win32
		{1F234025-9247-4D86-B87A-78E0B9234F2E}.Release|Win32.Build.0 = Release|Win32
		{AC75A38D-9657-4CCE-99BB-BBF061A0119D}.Debug|Win32.ActiveCfg = Debug|Win32
		{AC75A38D-9657-4CCE-99BB-BBF061A0119D}.Debug|Win32.Build.0 = Debug|Win32
		{AC75A38D-9657-4CCE-99BB-BBF061A0119D}.Release|Win32.ActiveCfg = Release|Win32
		{AC75A38D-9657-4CCE-99BB-BBF061A0119D}.Release|Win32.Build.0 = Release|Win32
		{811E3734-BE67-4C91-B87B-3463A937BB25}.Debug|Win32.ActiveCfg = Debug|Win32
		{811E3734-BE67-4C91-B87B-3463A937BB25}.Debug|Win32.Build.0 = Debug|Win32
		{811E3734-BE67-4C91-B87B-3463A937BB25}.Release|Win32.ActiveCfg = Release|Win32
		{811E3734-BE67-4C91-B87B-3463A937BB25}.Release|Win32.Build.0 = Release|Win32
		{B9295B53-8ADD-4399-B536-D29D4F71E849}.Debug|Win32.ActiveCfg = Debug|Win32
		{B9295B53-8ADD-4399-B536-D29D4F71E849}.Debug|Win32.Build.0 = Debug|Win32
		{B9295B53-8ADD-4399-B536-D29D4F71E849}.Release|Win32.ActiveCfg = Release|Win32
		{B9295B53-8ADD-4399-B536-D29D4F71E849}.Release|Win32.Build.0 = Release|Win32
		{530FC08B-023E-4F19-AAF5-82442FAE465F}.Debug|Win32.ActiveCfg = Debug|Win32
		{530FC08B-023E-4F19-AAF5-82442FAE465F}.Debug|Win32.Build.0 = Debug|Win32
		{530FC08B-023E-4F19-AAF5-82442FAE465F}.Release|Win32.ActiveCfg = Release|Win32
		{530FC08B-023E-4F19-AAF5-82442FAE465F}.Release|Win32.Build.0 = Release|Win32
		{E0F5B595-91D2-40B1-94A9-B015296FBD1D}.Debug|Win32.ActiveCfg = Debug|Win32
		{E0F5B595-91D2-40B1-94A9-B015296FBD1D}.Debug|Win32.Build.0 = Debug|Win32
		{E0F5B595-91D2-40B1-94A9-B015296FBD1D}.Release|Win32.ActiveCfg = Release|Win32
		{E0F5B595-91D2-40B1-94A9-B015296FBD1D}.Release|Win32.Build.0 = Release|Win32
		{87C96886-30A6-4A51-A9E3-71500790A134}.Debug|Win32.ActiveCfg = Debug|Win32
		{87C96886-30A6-4A51-A9E3-71500790A134}.Debug|Win32.Build.0 = Debug|Win32
		{87C96886-30A6-4A51-A9E3-71500790A134}.Release|Win32.ActiveCfg = Release|Win32
		{87C96886-30A6-4A51-A9E3-71500790A134}.Release|Win32.Build.0 = Release|Win32
		{1A9930D8-3D7E-4C12-82E4-AD052805A9C2}.Debug|Win32.ActiveCfg = Debug|Win32
		{1A9930D8-3D7E-4C12-82E4-AD052805A9C2}.Debug|Win32.Build.0 = Debug|Win32
		{1A9930D8-3D7E-4C12-82E4-AD052805A9C2}.Release|Win32.ActiveCfg = Release|Win32
		{1A9930D8-3D7E-4C12-82E4-AD052805A9C2}.Release|Win32.Build.0 = Release|Win32
		{91B395EE-C99E-4E3F-8D56-A9D6E74F49C1}.Debug|Win32.ActiveCfg = Debug|Win32
		{91B395EE-C99E-4E3F-8D56-A9D6E74F49C1}.Debug|Win32.Build.0 = Debug|Win32
		{91B395EE-C99E-4E3F-8D56-A9D6E74F49C1}.Release|Win32.ActiveCfg = Release|Win32
		{91B395EE-C99E-4E3F-8D56-A9D6E74F49C1}.Release|Win32.Build.0 = Release|Win32
		{0494F884-AE72-4517-8D40-FDF9FCC912BD}.Debug|Win32.ActiveCfg = Debug|Win32
		{0494F884-AE72-4517-8D40-FDF9FCC912BD}.Debug|Win32.Build.0 = Debug|Win32
		{0494F884-AE72-4517-8D40-FDF9FCC912BD}.Release|Win32.ActiveCfg = Release|Win32
		{0494F884-AE72-4517-8D40-FDF9FCC912BD}.Release|Win32.Build.0 = Release|Win32
		{4B1E2FF6-9974-422F-86D1-89AAED6D5E2F}.Debug|Win32.ActiveCfg = Debug|Win32
		{4B1E2FF6-9974-422F-86D1-89AAED6D5E2F}.Debug|Win32.Build.0 = Debug|Win32
		{4B1E2FF6-9974-422F-86D1-89AAED6D5E2F}.Release|Win32.ActiveCfg = Release|Win32
		{4B1E2FF6-9974-422F-86D1-89AAED6D5E2F}.Release|Win32.Build.0 = Release|Win32
		{23443FF0-B25A-4305-853E-453A18E9F9F7}.Debug|Win32.ActiveCfg = Debug|Win32
		{23443FF0-B25A-4305-853E-453A18E9F9F7}.Debug|Win32.Build.0 = Debug|Win32
		{23443FF0-B25A-4305-853E-453A18E9F9F7}.Release|Win32.ActiveCfg = Release|Win32
		{23443FF0-B25A-4305-853E-453A18E9F9F7}.Release|Win32.Build.0 = Release|Win32
		{51C3E487-9883-422D-9567-93A61EA03812}.Debug|Win32.ActiveCfg = Debug|Win32
		{51C3E487-9883-422D-9567-93A61EA03812}.Debug|Win32.Build.0 = Debug|Win32
		{51C3E487-9883-422D-9567-93A61EA03812}.Release|Win32.ActiveCfg = Release|Win32
		{51C3E487-9883-422D-9567-93A61EA03812}.Release|Win32.Build.0 = Release|Win32
		{30387FAF-0304-4B17-B7C6-BDF77A8D7D9C}.Debug|Win32.ActiveCfg = Debug|Win32
		{30387FAF-0304-4B17-B7C6-BDF77A8D7D9C}.Debug|Win32.Build.0 = Debug|Win32
		{30387FAF-0304-4B17-B7C6-BDF77A8D7D9C}.Release|Win32.ActiveCfg = Release|Win32
		{30387FAF-0304-4B17-B7C6-BDF77A8D7D9C}.Release|Win32.Build.0 = Release|Win32
		{677926C5-ED94-45A3-82DB-7AA508AE69D1}.Debug|Win32.ActiveCfg = Debug|Win32
		{677926C5-ED94-45A3-82DB-7AA508AE69D1}.Debug|Win32.Build.0 = Debug|Win32
		{677926C5-ED94-45A3-82DB-7AA508AE69D1}.Release|Win32.ActiveCfg = Release|Win32
		{677926C5-ED94-45A3-82DB-7AA508AE69D1}.Release|Win32.Build.0 = Release|Win32
		{7A250C35-7F85-41E8-BD8C-E42A1B37306A}.Debug|Win32.ActiveCfg = Debug|Win32
		{7A250C35-7F85-41E8-BD8C-E42A1B37306A}.Debug|Win32.Build.0 = Debug|Win32
		{7A250C35-7F85-41E8-BD8C-E42A1B37306A}.Release|Win32.ActiveCfg = Release|Win32
		{7A250C35-7F85-41E8-BD8C-E42A1B37306A}.Release|Win32.Build.0 = Release|Win32
		{EAC884B7-405D-4E38-BDDF-5591C8E29EE6}.Debug|Win32.ActiveCfg = Debug|Win32
		{EAC884B7-405D-4E38-BDDF-5591C8E29EE6}.Debug|Win32.Build.0 = Debug|Win32
		{EAC884B7-405D-4E38-BDDF-5591C8E29EE6}.Release|Win32.ActiveCfg = Release|Win32
		{EAC884B7-405D-4E38-BDDF-5591C8E29EE6}.Release|Win32.Build.0 = Release|Win32
		{D21BBBC6-5BA9-4F23-8E31-755BA3A89ABE}.Debug|Win32.ActiveCfg = Debug|Win32
		{D21BBBC6-5BA9-4F23-8E31-755BA3A89ABE}.Debug|Win32.Build.0 = Debug|Win32
		{D21BBBC6-5BA9-4F23-8E31-755BA3A89ABE}.Release|Win32.ActiveCfg = Release|Win32
		{D21BBBC6-5BA9-4F23-8E31-755BA3A89ABE}.Release|Win32.Build.0 = Release|Win32
		{B6059269-59CC-4705-9766-D0DB903E2E05}.Debug|Win32.ActiveCfg = Debug|Win32
		{B6059269-59CC-4705-9766-D0DB903E2E05}.Debug|Win32.Build.0 = Debug|Win32
		{B6059269-59CC-4705-9766-D0DB903E2E05}.Release|Win32.ActiveCfg = Release|Win32
		{B6059269-59CC-4705-9766-D0DB903E2E05}.Release|Win32.Build.0 = Release|Win32
		{3F087DDB-89A5-4F9C-8DBB-C0D2F010A325}.Debug|Win32.ActiveCfg = Debug|Win32
		{3F087DDB-89A5-4F9C-8DBB-C0D2F010A325}.Debug|Win32.Build.0 = Debug|Win32
		{3F087DDB-89A5-4F9C-8DBB-C0D2F010A325}.Release|Win32.ActiveCfg = Release|Win32
		{3F087DDB-89A5-4F9C-8DBB-C0D2F010A325}.Release|Win32.Build.0 = Release|Win32
		{A3C75351-73D7-467A-AD1F-0CC7ACE8E39E}.Debug|Win32.ActiveCfg = Debug|Win32
		{A3C75351-73D7-467A-AD1F-0CC7ACE8E39E}.Debug|Win32.Build.0 = Debug|Win32
		{A3C75351-73D7-467A-AD1F-0CC7ACE8E39E}.Release|Win32.ActiveCfg = Release|Win32
		{A3C75351-73D7-467A-AD1F-0CC7ACE8E39E}.Release|Win32.Build.0 = Release|Win32
	EndGlobalSection
	GlobalSection(SolutionProperties) = preSolution
		HideSolutionNode = FALSE
	EndGlobalSection
EndGlobal
